
Microsoft Visual Studio Solution File, Format Version 12.00
# Visual Studio 15
VisualStudioVersion = 15.0.28307.779
MinimumVisualStudioVersion = 10.0.40219.1
Project("{FAE04EC0-301F-11D3-BF4B-00C04F79EFBC}") = "Agro", "Agro\Agro.csproj", "{548A0D92-C17F-4DA0-99F1-CA8425BAE916}"
EndProject
Global
	GlobalSection(SolutionConfigurationPlatforms) = preSolution
		Debug|Any CPU = Debug|Any CPU
		Release|Any CPU = Release|Any CPU
	EndGlobalSection
	GlobalSection(ProjectConfigurationPlatforms) = postSolution
		{548A0D92-C17F-4DA0-99F1-CA8425BAE916}.Debug|Any CPU.ActiveCfg = Debug|Any CPU
		{548A0D92-C17F-4DA0-99F1-CA8425BAE916}.Debug|Any CPU.Build.0 = Debug|Any CPU
		{548A0D92-C17F-4DA0-99F1-CA8425BAE916}.Release|Any CPU.ActiveCfg = Release|Any CPU
		{548A0D92-C17F-4DA0-99F1-CA8425BAE916}.Release|Any CPU.Build.0 = Release|Any CPU
	EndGlobalSection
	GlobalSection(SolutionProperties) = preSolution
		HideSolutionNode = FALSE
	EndGlobalSection
	GlobalSection(ExtensibilityGlobals) = postSolution
		SolutionGuid = {CA112BC7-F56F-41D5-A11C-296B029DF269}
	EndGlobalSection
EndGlobal
